PODS:
  - RCMarkdownParser (3.0.7)
  - RichTextVC-iOS (2.0.4)

DEPENDENCIES:
  - RCMarkdownParser (from `../`)
  - RichTextVC-iOS

SPEC REPOS:
  https://github.com/cocoapods/specs.git:
    - RichTextVC-iOS

EXTERNAL SOURCES:
  RCMarkdownParser:
    :path: "../"

SPEC CHECKSUMS:
  RCMarkdownParser: 9ad3423f728e4485dbb884440db31478d43458cd
  RichTextVC-iOS: 0ee030aae2b57e53073e2787b4d6cc73260dc154

PODFILE CHECKSUM: 16fa0bfb19243ba292854f116683539557b5e686

COCOAPODS: 1.5.3
